// !$*UTF8*$!
{
	archiveVersion = 1;
	classes = {
	};
	objectVersion = 50;
	objects = {

/* Begin PBXBuildFile section */
		98162DB626D67307008D401D /* HomeViewController.swift in Sources */ = {isa = PBXBuildFile; fileRef = 98162DB526D67307008D401D /* HomeViewController.swift */; };
		98162DB826D673EB008D401D /* TimeSettingViewController.swift in Sources */ = {isa = PBXBuildFile; fileRef = 98162DB726D673EB008D401D /* TimeSettingViewController.swift */; };
		9875D8BB26CFB400008E6D06 /* AppDelegate.swift in Sources */ = {isa = PBXBuildFile; fileRef = 9875D8BA26CFB400008E6D06 /* AppDelegate.swift */; };
		9875D8BD26CFB400008E6D06 /* SceneDelegate.swift in Sources */ = {isa = PBXBuildFile; fileRef = 9875D8BC26CFB400008E6D06 /* SceneDelegate.swift */; };
		9875D8C226CFB400008E6D06 /* Main.storyboard in Resources */ = {isa = PBXBuildFile; fileRef = 9875D8C026CFB400008E6D06 /* Main.storyboard */; };
		9875D8C426CFB403008E6D06 /* Assets.xcassets in Resources */ = {isa = PBXBuildFile; fileRef = 9875D8C326CFB403008E6D06 /* Assets.xcassets */; };
		9875D8C726CFB403008E6D06 /* LaunchScreen.storyboard in Resources */ = {isa = PBXBuildFile; fileRef = 9875D8C526CFB403008E6D06 /* LaunchScreen.storyboard */; };
		98B250D726D766F7002A2DFB /* LoginManager.swift in Sources */ = {isa = PBXBuildFile; fileRef = 98B250D626D766F7002A2DFB /* LoginManager.swift */; };
		B74205475631434AABEFB895 /* Pods_2021_August.framework in Frameworks */ = {isa = PBXBuildFile; fileRef = 76B42830CC5FF32225F43130 /* Pods_2021_August.framework */; };
/* End PBXBuildFile section */

/* Begin PBXFileReference section */
		700328AB8718053A0A88E9C2 /* Pods-2021_August.debug.xcconfig */ = {isa = PBXFileReference; includeInIndex = 1; lastKnownFileType = text.xcconfig; name = "Pods-2021_August.debug.xcconfig"; path = "Target Support Files/Pods-2021_August/Pods-2021_August.debug.xcconfig"; sourceTree = "<group>"; };
		76B42830CC5FF32225F43130 /* Pods_2021_August.framework */ = {isa = PBXFileReference; explicitFileType = wrapper.framework; includeInIndex = 0; path = Pods_2021_August.framework; sourceTree = BUILT_PRODUCTS_DIR; };
		98162DB526D67307008D401D /* HomeViewController.swift */ = {isa = PBXFileReference; lastKnownFileType = sourcecode.swift; path = HomeViewController.swift; sourceTree = "<group>"; };
		98162DB726D673EB008D401D /* TimeSettingViewController.swift */ = {isa = PBXFileReference; lastKnownFileType = sourcecode.swift; path = TimeSettingViewController.swift; sourceTree = "<group>"; };
		9875D8B726CFB400008E6D06 /* 2021_August.app */ = {isa = PBXFileReference; explicitFileType = wrapper.application; includeInIndex = 0; path = 2021_August.app; sourceTree = BUILT_PRODUCTS_DIR; };
		9875D8BA26CFB400008E6D06 /* AppDelegate.swift */ = {isa = PBXFileReference; lastKnownFileType = sourcecode.swift; path = AppDelegate.swift; sourceTree = "<group>"; };
		9875D8BC26CFB400008E6D06 /* SceneDelegate.swift */ = {isa = PBXFileReference; lastKnownFileType = sourcecode.swift; path = SceneDelegate.swift; sourceTree = "<group>"; };
		9875D8C126CFB400008E6D06 /* Base */ = {isa = PBXFileReference; lastKnownFileType = file.storyboard; name = Base; path = Base.lproj/Main.storyboard; sourceTree = "<group>"; };
		9875D8C326CFB403008E6D06 /* Assets.xcassets */ = {isa = PBXFileReference; lastKnownFileType = folder.assetcatalog; path = Assets.xcassets; sourceTree = "<group>"; };
		9875D8C626CFB403008E6D06 /* Base */ = {isa = PBXFileReference; lastKnownFileType = file.storyboard; name = Base; path = Base.lproj/LaunchScreen.storyboard; sourceTree = "<group>"; };
		9875D8C826CFB403008E6D06 /* Info.plist */ = {isa = PBXFileReference; lastKnownFileType = text.plist.xml; path = Info.plist; sourceTree = "<group>"; };
		98B250D626D766F7002A2DFB /* LoginManager.swift */ = {isa = PBXFileReference; lastKnownFileType = sourcecode.swift; path = LoginManager.swift; sourceTree = "<group>"; };
		A48540A79AB12BA903AE7FA4 /* Pods-2021_August.release.xcconfig */ = {isa = PBXFileReference; includeInIndex = 1; lastKnownFileType = text.xcconfig; name = "Pods-2021_August.release.xcconfig"; path = "Target Support Files/Pods-2021_August/Pods-2021_August.release.xcconfig"; sourceTree = "<group>"; };
/* End PBXFileReference section */

/* Begin PBXFrameworksBuildPhase section */
		9875D8B426CFB400008E6D06 /* Frameworks */ = {
			isa = PBXFrameworksBuildPhase;
			buildActionMask = 2147483647;
			files = (
				B74205475631434AABEFB895 /* Pods_2021_August.framework in Frameworks */,
			);
			runOnlyForDeploymentPostprocessing = 0;
		};
/* End PBXFrameworksBuildPhase section */

/* Begin PBXGroup section */
		3504E08A01DF0F636C7A3802 /* Pods */ = {
			isa = PBXGroup;
			children = (
				700328AB8718053A0A88E9C2 /* Pods-2021_August.debug.xcconfig */,
				A48540A79AB12BA903AE7FA4 /* Pods-2021_August.release.xcconfig */,
			);
			name = Pods;
			path = Pods;
			sourceTree = "<group>";
		};
		85693BD0AEF88809D152E366 /* Frameworks */ = {
			isa = PBXGroup;
			children = (
				76B42830CC5FF32225F43130 /* Pods_2021_August.framework */,
			);
			name = Frameworks;
			sourceTree = "<group>";
		};
		9875D8AE26CFB400008E6D06 = {
			isa = PBXGroup;
			children = (
				9875D8B926CFB400008E6D06 /* 2021_August */,
				9875D8B826CFB400008E6D06 /* Products */,
				3504E08A01DF0F636C7A3802 /* Pods */,
				85693BD0AEF88809D152E366 /* Frameworks */,
			);
			sourceTree = "<group>";
		};
		9875D8B826CFB400008E6D06 /* Products */ = {
			isa = PBXGroup;
			children = (
				9875D8B726CFB400008E6D06 /* 2021_August.app */,
			);
			name = Products;
			sourceTree = "<group>";
		};
		9875D8B926CFB400008E6D06 /* 2021_August */ = {
			isa = PBXGroup;
			children = (
				9875D8BA26CFB400008E6D06 /* AppDelegate.swift */,
				9875D8BC26CFB400008E6D06 /* SceneDelegate.swift */,
				9875D8C026CFB400008E6D06 /* Main.storyboard */,
				9875D8C326CFB403008E6D06 /* Assets.xcassets */,
				9875D8C526CFB403008E6D06 /* LaunchScreen.storyboard */,
				9875D8C826CFB403008E6D06 /* Info.plist */,
				98162DB526D67307008D401D /* HomeViewController.swift */,
				98B250D626D766F7002A2DFB /* LoginManager.swift */,
				98162DB726D673EB008D401D /* TimeSettingViewController.swift */,
			);
			path = 2021_August;
			sourceTree = "<group>";
		};
/* End PBXGroup section */

/* Begin PBXNativeTarget section */
		9875D8B626CFB400008E6D06 /* 2021_August */ = {
			isa = PBXNativeTarget;
			buildConfigurationList = 9875D8CB26CFB403008E6D06 /* Build configuration list for PBXNativeTarget "2021_August" */;
			buildPhases = (
				375069B900149098E5955282 /* [CP] Check Pods Manifest.lock */,
				9875D8B326CFB400008E6D06 /* Sources */,
				9875D8B426CFB400008E6D06 /* Frameworks */,
				9875D8B526CFB400008E6D06 /* Resources */,
				9771C2F1259786246A6FEC43 /* [CP] Embed Pods Frameworks */,
			);
			buildRules = (
			);
			dependencies = (
			);
			name = 2021_August;
			productName = 2021_August;
			productReference = 9875D8B726CFB400008E6D06 /* 2021_August.app */;
			productType = "com.apple.product-type.application";
		};
/* End PBXNativeTarget section */

/* Begin PBXProject section */
		9875D8AF26CFB400008E6D06 /* Project object */ = {
			isa = PBXProject;
			attributes = {
				LastSwiftUpdateCheck = 1250;
				LastUpgradeCheck = 1250;
				TargetAttributes = {
					9875D8B626CFB400008E6D06 = {
						CreatedOnToolsVersion = 12.5;
					};
				};
			};
			buildConfigurationList = 9875D8B226CFB400008E6D06 /* Build configuration list for PBXProject "2021_August" */;
			compatibilityVersion = "Xcode 9.3";
			developmentRegion = en;
			hasScannedForEncodings = 0;
			knownRegions = (
				en,
				Base,
			);
			mainGroup = 9875D8AE26CFB400008E6D06;
			productRefGroup = 9875D8B826CFB400008E6D06 /* Products */;
			projectDirPath = "";
			projectRoot = "";
			targets = (
				9875D8B626CFB400008E6D06 /* 2021_August */,
			);
		};
/* End PBXProject section */

/* Begin PBXResourcesBuildPhase section */
		9875D8B526CFB400008E6D06 /* Resources */ = {
			isa = PBXResourcesBuildPhase;
			buildActionMask = 2147483647;
			files = (
				9875D8C726CFB403008E6D06 /* LaunchScreen.storyboard in Resources */,
				9875D8C426CFB403008E6D06 /* Assets.xcassets in Resources */,
				9875D8C226CFB400008E6D06 /* Main.storyboard in Resources */,
			);
			runOnlyForDeploymentPostprocessing = 0;
		};
/* End PBXResourcesBuildPhase section */

/* Begin PBXShellScriptBuildPhase section */
		375069B900149098E5955282 /* [CP] Check Pods Manifest.lock */ = {
			isa = PBXShellScriptBuildPhase;
			buildActionMask = 2147483647;
			files = (
			);
			inputFileListPaths = (
			);
			inputPaths = (
				"${PODS_PODFILE_DIR_PATH}/Podfile.lock",
				"${PODS_ROOT}/Manifest.lock",
			);
			name = "[CP] Check Pods Manifest.lock";
			outputFileListPaths = (
			);
			outputPaths = (
				"$(DERIVED_FILE_DIR)/Pods-2021_August-checkManifestLockResult.txt",
			);
			runOnlyForDeploymentPostprocessing = 0;
			shellPath = /bin/sh;
			shellScript = "diff \"${PODS_PODFILE_DIR_PATH}/Podfile.lock\" \"${PODS_ROOT}/Manifest.lock\" > /dev/null\nif [ $? != 0 ] ; then\n    # print error to STDERR\n    echo \"error: The sandbox is not in sync with the Podfile.lock. Run 'pod install' or update your CocoaPods installation.\" >&2\n    exit 1\nfi\n# This output is used by Xcode 'outputs' to avoid re-running this script phase.\necho \"SUCCESS\" > \"${SCRIPT_OUTPUT_FILE_0}\"\n";
			showEnvVarsInLog = 0;
		};
		9771C2F1259786246A6FEC43 /* [CP] Embed Pods Frameworks */ = {
			isa = PBXShellScriptBuildPhase;
			buildActionMask = 2147483647;
			files = (
			);
			inputFileListPaths = (
				"${PODS_ROOT}/Target Support Files/Pods-2021_August/Pods-2021_August-frameworks-${CONFIGURATION}-input-files.xcfilelist",
			);
			name = "[CP] Embed Pods Frameworks";
			outputFileListPaths = (
				"${PODS_ROOT}/Target Support Files/Pods-2021_August/Pods-2021_August-frameworks-${CONFIGURATION}-output-files.xcfilelist",
			);
			runOnlyForDeploymentPostprocessing = 0;
			shellPath = /bin/sh;
			shellScript = "\"${PODS_ROOT}/Target Support Files/Pods-2021_August/Pods-2021_August-frameworks.sh\"\n";
			showEnvVarsInLog = 0;
		};
/* End PBXShellScriptBuildPhase section */

/* Begin PBXSourcesBuildPhase section */
		9875D8B326CFB400008E6D06 /* Sources */ = {
			isa = PBXSourcesBuildPhase;
			buildActionMask = 2147483647;
			files = (
				98B250D726D766F7002A2DFB /* LoginManager.swift in Sources */,
				9875D8BB26CFB400008E6D06 /* AppDelegate.swift in Sources */,
				9875D8BD26CFB400008E6D06 /* SceneDelegate.swift in Sources */,
				98162DB826D673EB008D401D /* TimeSettingViewController.swift in Sources */,
				98162DB626D67307008D401D /* HomeViewController.swift in Sources */,
			);
			runOnlyForDeploymentPostprocessing = 0;
		};
/* End PBXSourcesBuildPhase section */

/* Begin PBXVariantGroup section */
		9875D8C026CFB400008E6D06 /* Main.storyboard */ = {
			isa = PBXVariantGroup;
			children = (
				9875D8C126CFB400008E6D06 /* Base */,
			);
			name = Main.storyboard;
			sourceTree = "<group>";
		};
		9875D8C526CFB403008E6D06 /* LaunchScreen.storyboard */ = {
			isa = PBXVariantGroup;
			children = (
				9875D8C626CFB403008E6D06 /* Base */,
			);
			name = LaunchScreen.storyboard;
			sourceTree = "<group>";
		};
/* End PBXVariantGroup section */

/* Begin XCBuildConfiguration section */
		9875D8C926CFB403008E6D06 /* Debug */ = {
			isa = XCBuildConfiguration;
			buildSettings = {
				ALWAYS_SEARCH_USER_PATHS = NO;
				CLANG_ANALYZER_NONNULL = YES;
				CLANG_ANALYZER_NUMBER_OBJECT_CONVERSION = YES_AGGRESSIVE;
				CLANG_CXX_LANGUAGE_STANDARD = "gnu++14";
				CLANG_CXX_LIBRARY = "libc++";
				CLANG_ENABLE_MODULES = YES;
				CLANG_ENABLE_OBJC_ARC = YES;
				CLANG_ENABLE_OBJC_WEAK = YES;
				CLANG_WARN_BLOCK_CAPTURE_AUTORELEASING = YES;
				CLANG_WARN_BOOL_CONVERSION = YES;
				CLANG_WARN_COMMA = YES;
				CLANG_WARN_CONSTANT_CONVERSION = YES;
				CLANG_WARN_DEPRECATED_OBJC_IMPLEMENTATIONS = YES;
				CLANG_WARN_DIRECT_OBJC_ISA_USAGE = YES_ERROR;
				CLANG_WARN_DOCUMENTATION_COMMENTS = YES;
				CLANG_WARN_EMPTY_BODY = YES;
				CLANG_WARN_ENUM_CONVERSION = YES;
				CLANG_WARN_INFINITE_RECURSION = YES;
				CLANG_WARN_INT_CONVERSION = YES;
				CLANG_WARN_NON_LITERAL_NULL_CONVERSION = YES;
				CLANG_WARN_OBJC_IMPLICIT_RETAIN_SELF = YES;
				CLANG_WARN_OBJC_LITERAL_CONVERSION = YES;
				CLANG_WARN_OBJC_ROOT_CLASS = YES_ERROR;
				CLANG_WARN_QUOTED_INCLUDE_IN_FRAMEWORK_HEADER = YES;
				CLANG_WARN_RANGE_LOOP_ANALYSIS = YES;
				CLANG_WARN_STRICT_PROTOTYPES = YES;
				CLANG_WARN_SUSPICIOUS_MOVE = YES;
				CLANG_WARN_UNGUARDED_AVAILABILITY = YES_AGGRESSIVE;
				CLANG_WARN_UNREACHABLE_CODE = YES;
				CLANG_WARN__DUPLICATE_METHOD_MATCH = YES;
				COPY_PHASE_STRIP = NO;
				DEBUG_INFORMATION_FORMAT = dwarf;
				ENABLE_STRICT_OBJC_MSGSEND = YES;
				ENABLE_TESTABILITY = YES;
				GCC_C_LANGUAGE_STANDARD = gnu11;
				GCC_DYNAMIC_NO_PIC = NO;
				GCC_NO_COMMON_BLOCKS = YES;
				GCC_OPTIMIZATION_LEVEL = 0;
				GCC_PREPROCESSOR_DEFINITIONS = (
					"DEBUG=1",
					"$(inherited)",
				);
				GCC_WARN_64_TO_32_BIT_CONVERSION = YES;
				GCC_WARN_ABOUT_RETURN_TYPE = YES_ERROR;
				GCC_WARN_UNDECLARED_SELECTOR = YES;
				GCC_WARN_UNINITIALIZED_AUTOS = YES_AGGRESSIVE;
				GCC_WARN_UNUSED_FUNCTION = YES;
				GCC_WARN_UNUSED_VARIABLE = YES;
				IPHONEOS_DEPLOYMENT_TARGET = 14.5;
				MTL_ENABLE_DEBUG_INFO = INCLUDE_SOURCE;
				MTL_FAST_MATH = YES;
				ONLY_ACTIVE_ARCH = YES;
				SDKROOT = iphoneos;
				SWIFT_ACTIVE_COMPILATION_CONDITIONS = DEBUG;
				SWIFT_OPTIMIZATION_LEVEL = "-Onone";
			};
			name = Debug;
		};
		9875D8CA26CFB403008E6D06 /* Release */ = {
			isa = XCBuildConfiguration;
			buildSettings = {
				ALWAYS_SEARCH_USER_PATHS = NO;
				CLANG_ANALYZER_NONNULL = YES;
				CLANG_ANALYZER_NUMBER_OBJECT_CONVERSION = YES_AGGRESSIVE;
				CLANG_CXX_LANGUAGE_STANDARD = "gnu++14";
				CLANG_CXX_LIBRARY = "libc++";
				CLANG_ENABLE_MODULES = YES;
				CLANG_ENABLE_OBJC_ARC = YES;
				CLANG_ENABLE_OBJC_WEAK = YES;
				CLANG_WARN_BLOCK_CAPTURE_AUTORELEASING = YES;
				CLANG_WARN_BOOL_CONVERSION = YES;
				CLANG_WARN_COMMA = YES;
				CLANG_WARN_CONSTANT_CONVERSION = YES;
				CLANG_WARN_DEPRECATED_OBJC_IMPLEMENTATIONS = YES;
				CLANG_WARN_DIRECT_OBJC_ISA_USAGE = YES_ERROR;
				CLANG_WARN_DOCUMENTATION_COMMENTS = YES;
				CLANG_WARN_EMPTY_BODY = YES;
				CLANG_WARN_ENUM_CONVERSION = YES;
				CLANG_WARN_INFINITE_RECURSION = YES;
				CLANG_WARN_INT_CONVERSION = YES;
				CLANG_WARN_NON_LITERAL_NULL_CONVERSION = YES;
				CLANG_WARN_OBJC_IMPLICIT_RETAIN_SELF = YES;
				CLANG_WARN_OBJC_LITERAL_CONVERSION = YES;
				CLANG_WARN_OBJC_ROOT_CLASS = YES_ERROR;
				CLANG_WARN_QUOTED_INCLUDE_IN_FRAMEWORK_HEADER = YES;
				CLANG_WARN_RANGE_LOOP_ANALYSIS = YES;
				CLANG_WARN_STRICT_PROTOTYPES = YES;
				CLANG_WARN_SUSPICIOUS_MOVE = YES;
				CLANG_WARN_UNGUARDED_AVAILABILITY = YES_AGGRESSIVE;
				CLANG_WARN_UNREACHABLE_CODE = YES;
				CLANG_WARN__DUPLICATE_METHOD_MATCH = YES;
				COPY_PHASE_STRIP = NO;
				DEBUG_INFORMATION_FORMAT = "dwarf-with-dsym";
				ENABLE_NS_ASSERTIONS = NO;
				ENABLE_STRICT_OBJC_MSGSEND = YES;
				GCC_C_LANGUAGE_STANDARD = gnu11;
				GCC_NO_COMMON_BLOCKS = YES;
				GCC_WARN_64_TO_32_BIT_CONVERSION = YES;
				GCC_WARN_ABOUT_RETURN_TYPE = YES_ERROR;
				GCC_WARN_UNDECLARED_SELECTOR = YES;
				GCC_WARN_UNINITIALIZED_AUTOS = YES_AGGRESSIVE;
				GCC_WARN_UNUSED_FUNCTION = YES;
				GCC_WARN_UNUSED_VARIABLE = YES;
				IPHONEOS_DEPLOYMENT_TARGET = 14.5;
				MTL_ENABLE_DEBUG_INFO = NO;
				MTL_FAST_MATH = YES;
				SDKROOT = iphoneos;
				SWIFT_COMPILATION_MODE = wholemodule;
				SWIFT_OPTIMIZATION_LEVEL = "-O";
				VALIDATE_PRODUCT = YES;
			};
			name = Release;
		};
		9875D8CC26CFB403008E6D06 /* Debug */ = {
			isa = XCBuildConfiguration;
			baseConfigurationReference = 700328AB8718053A0A88E9C2 /* Pods-2021_August.debug.xcconfig */;
			buildSettings = {
				ASSETCATALOG_COMPILER_APPICON_NAME = AppIcon;
				ASSETCATALOG_COMPILER_GLOBAL_ACCENT_COLOR_NAME = AccentColor;
				CODE_SIGN_STYLE = Automatic;
				DEVELOPMENT_TEAM = PN5JFN8NYT;
				INFOPLIST_FILE = 2021_August/Info.plist;
				LD_RUNPATH_SEARCH_PATHS = (
					"$(inherited)",
					"@executable_path/Frameworks",
				);
				PRODUCT_BUNDLE_IDENTIFIER = "yoonjong.-021-August";
				PRODUCT_NAME = "$(TARGET_NAME)";
				SWIFT_VERSION = 5.0;
				TARGETED_DEVICE_FAMILY = "1,2";
			};
			name = Debug;
		};
		9875D8CD26CFB403008E6D06 /* Release */ = {
			isa = XCBuildConfiguration;
			baseConfigurationReference = A48540A79AB12BA903AE7FA4 /* Pods-2021_August.release.xcconfig */;
			buildSettings = {
				ASSETCATALOG_COMPILER_APPICON_NAME = AppIcon;
				ASSETCATALOG_COMPILER_GLOBAL_ACCENT_COLOR_NAME = AccentColor;
				CODE_SIGN_STYLE = Automatic;
				DEVELOPMENT_TEAM = PN5JFN8NYT;
				INFOPLIST_FILE = 2021_August/Info.plist;
				LD_RUNPATH_SEARCH_PATHS = (
					"$(inherited)",
					"@executable_path/Frameworks",
				);
				PRODUCT_BUNDLE_IDENTIFIER = "yoonjong.-021-August";
				PRODUCT_NAME = "$(TARGET_NAME)";
				SWIFT_VERSION = 5.0;
				TARGETED_DEVICE_FAMILY = "1,2";
			};
			name = Release;
		};
/* End XCBuildConfiguration section */

/* Begin XCConfigurationList section */
		9875D8B226CFB400008E6D06 /* Build configuration list for PBXProject "2021_August" */ = {
			isa = XCConfigurationList;
			buildConfigurations = (
				9875D8C926CFB403008E6D06 /* Debug */,
				9875D8CA26CFB403008E6D06 /* Release */,
			);
			defaultConfigurationIsVisible = 0;
			defaultConfigurationName = Release;
		};
		9875D8CB26CFB403008E6D06 /* Build configuration list for PBXNativeTarget "2021_August" */ = {
			isa = XCConfigurationList;
			buildConfigurations = (
				9875D8CC26CFB403008E6D06 /* Debug */,
				9875D8CD26CFB403008E6D06 /* Release */,
			);
			defaultConfigurationIsVisible = 0;
			defaultConfigurationName = Release;
		};
/* End XCConfigurationList section */
	};
	rootObject = 9875D8AF26CFB400008E6D06 /* Project object */;
}
